{
  "originHash" : "440e3b415f29dab5f48bf3621efc192bd095cf24df0e052d377769530e7cce62",
  "pins" : [
    {
      "identity" : "statusbarkit",
      "kind" : "remoteSourceControl",
      "location" : "https://github.com/hytfjwr/StatusBarKit",
      "state" : {
        "revision" : "6e03b721215d2c6cf86b1ca6d101c9cb13e63666",
        "version" : "1.6.0"
      }
    }
  ],
  "version" : 3
}
