{
  "originHash" : "afa47fc57d1e9ce866920d4f1d8807c40cd74539a1f3fb65e6b769822edbbf2b",
  "pins" : [
    {
      "identity" : "statusbarkit",
      "kind" : "remoteSourceControl",
      "location" : "https://github.com/hytfjwr/StatusBarKit",
      "state" : {
        "revision" : "e175d28dea28bd41d179a0393f13c9cbd44b9f30",
        "version" : "1.0.0"
      }
    }
  ],
  "version" : 3
}
