{
  "originHash" : "440e3b415f29dab5f48bf3621efc192bd095cf24df0e052d377769530e7cce62",
  "pins" : [
    {
      "identity" : "statusbarkit",
      "kind" : "remoteSourceControl",
      "location" : "https://github.com/hytfjwr/StatusBarKit",
      "state" : {
        "revision" : "3f90df4958504fd920668740a3bc5230311b9b70",
        "version" : "1.8.0"
      }
    }
  ],
  "version" : 3
}
